// !$*UTF8*$!
{
	archiveVersion = 1;
	classes = {
	};
	objectVersion = 56;
	objects = {

/* Begin PBXBuildFile section */
		FF0E07A42BE660FC00071DC6 /* Restaurant.swift in Sources */ = {isa = PBXBuildFile; fileRef = FF0E07A32BE660FC00071DC6 /* Restaurant.swift */; };
		FF0E07A62BE66DBC00071DC6 /* User.swift in Sources */ = {isa = PBXBuildFile; fileRef = FF0E07A52BE66DBC00071DC6 /* User.swift */; };
		FF0E07AD2BE7932300071DC6 /* TitleModifier.swift in Sources */ = {isa = PBXBuildFile; fileRef = FF0E07AC2BE7932300071DC6 /* TitleModifier.swift */; };
		FF0E07B02BE7955700071DC6 /* DiscoveryExtensions.swift in Sources */ = {isa = PBXBuildFile; fileRef = FF0E07AF2BE7955700071DC6 /* DiscoveryExtensions.swift */; };
		FF0E07B22BE7BD7600071DC6 /* CategoryDetailView.swift in Sources */ = {isa = PBXBuildFile; fileRef = FF0E07B12BE7BD7600071DC6 /* CategoryDetailView.swift */; };
		FF0E07B52BE7CF9E00071DC6 /* CategoryDetailViewModel.swift in Sources */ = {isa = PBXBuildFile; fileRef = FF0E07B42BE7CF9E00071DC6 /* CategoryDetailViewModel.swift */; };
		FF0E07B82BE7ECFC00071DC6 /* ActivityIndicatorView.swift in Sources */ = {isa = PBXBuildFile; fileRef = FF0E07B72BE7ECFC00071DC6 /* ActivityIndicatorView.swift */; };
		FF0E07BA2BE8B7A200071DC6 /* Place.swift in Sources */ = {isa = PBXBuildFile; fileRef = FF0E07B92BE8B7A200071DC6 /* Place.swift */; };
		FF0E07BD2BE957B800071DC6 /* Kingfisher in Frameworks */ = {isa = PBXBuildFile; productRef = FF0E07BC2BE957B800071DC6 /* Kingfisher */; };
		FF0E07C52BEA925C00071DC6 /* NavigationLazyView.swift in Sources */ = {isa = PBXBuildFile; fileRef = FF0E07C42BEA925C00071DC6 /* NavigationLazyView.swift */; };
		FF0E07C72BEAA02200071DC6 /* PopularDestinationTileView.swift in Sources */ = {isa = PBXBuildFile; fileRef = FF0E07C62BEAA02200071DC6 /* PopularDestinationTileView.swift */; };
		FF0E07C92BEB7B3900071DC6 /* PopularDestinationDetailView.swift in Sources */ = {isa = PBXBuildFile; fileRef = FF0E07C82BEB7B3900071DC6 /* PopularDestinationDetailView.swift */; };
		FF0E07CC2BEBC58C00071DC6 /* SDWebImageSwiftUI in Frameworks */ = {isa = PBXBuildFile; productRef = FF0E07CB2BEBC58C00071DC6 /* SDWebImageSwiftUI */; };
		FF0E07CE2BEBE08300071DC6 /* Indicator.swift in Sources */ = {isa = PBXBuildFile; fileRef = FF0E07CD2BEBE08300071DC6 /* Indicator.swift */; };
		FF666D9C2BE3E3F500EE15DA /* TravelDiscoverSwiftUIApp.swift in Sources */ = {isa = PBXBuildFile; fileRef = FF666D9B2BE3E3F500EE15DA /* TravelDiscoverSwiftUIApp.swift */; };
		FF666D9E2BE3E3F500EE15DA /* ContentView.swift in Sources */ = {isa = PBXBuildFile; fileRef = FF666D9D2BE3E3F500EE15DA /* ContentView.swift */; };
		FF666DA02BE3E3F700EE15DA /* Assets.xcassets in Resources */ = {isa = PBXBuildFile; fileRef = FF666D9F2BE3E3F700EE15DA /* Assets.xcassets */; };
		FF666DA32BE3E3F700EE15DA /* Preview Assets.xcassets in Resources */ = {isa = PBXBuildFile; fileRef = FF666DA22BE3E3F700EE15DA /* Preview Assets.xcassets */; };
		FF666DA52BE3E3F700EE15DA /* Persistence.swift in Sources */ = {isa = PBXBuildFile; fileRef = FF666DA42BE3E3F700EE15DA /* Persistence.swift */; };
		FF666DA82BE3E3F700EE15DA /* TravelDiscoverSwiftUI.xcdatamodeld in Sources */ = {isa = PBXBuildFile; fileRef = FF666DA62BE3E3F700EE15DA /* TravelDiscoverSwiftUI.xcdatamodeld */; };
		FF666DAF2BE4960400EE15DA /* MainView.swift in Sources */ = {isa = PBXBuildFile; fileRef = FF666DAE2BE4960400EE15DA /* MainView.swift */; };
		FF666DB22BE49E7800EE15DA /* DiscoverCategoriesView.swift in Sources */ = {isa = PBXBuildFile; fileRef = FF666DB12BE49E7800EE15DA /* DiscoverCategoriesView.swift */; };
		FF666DB42BE4C0F800EE15DA /* PopularDestinationView.swift in Sources */ = {isa = PBXBuildFile; fileRef = FF666DB32BE4C0F800EE15DA /* PopularDestinationView.swift */; };
		FF666DB62BE5201600EE15DA /* PopularRestaurantsView.swift in Sources */ = {isa = PBXBuildFile; fileRef = FF666DB52BE5201600EE15DA /* PopularRestaurantsView.swift */; };
		FF666DB82BE52D0D00EE15DA /* TrendingCreatorsView.swift in Sources */ = {isa = PBXBuildFile; fileRef = FF666DB72BE52D0D00EE15DA /* TrendingCreatorsView.swift */; };
		FF666DBB2BE532F700EE15DA /* Category.swift in Sources */ = {isa = PBXBuildFile; fileRef = FF666DBA2BE532F700EE15DA /* Category.swift */; };
		FF666DBD2BE5493400EE15DA /* Destination.swift in Sources */ = {isa = PBXBuildFile; fileRef = FF666DBC2BE5493400EE15DA /* Destination.swift */; };
		FFD4CD0C2BECC4FC0063DF63 /* Attraction.swift in Sources */ = {isa = PBXBuildFile; fileRef = FFD4CD0B2BECC4FC0063DF63 /* Attraction.swift */; };
		FFD4CD0E2BED1E540063DF63 /* CustomMapAnnotation.swift in Sources */ = {isa = PBXBuildFile; fileRef = FFD4CD0D2BED1E540063DF63 /* CustomMapAnnotation.swift */; };
		FFD4CD102BED3B380063DF63 /* DestinationHeaderContainer.swift in Sources */ = {isa = PBXBuildFile; fileRef = FFD4CD0F2BED3B380063DF63 /* DestinationHeaderContainer.swift */; };
		FFD4CD132BEDD40C0063DF63 /* CustomPageViewController.swift in Sources */ = {isa = PBXBuildFile; fileRef = FFD4CD122BEDD40C0063DF63 /* CustomPageViewController.swift */; };
		FFD4CD152BEE9A5B0063DF63 /* DestinationDetailsViewModel.swift in Sources */ = {isa = PBXBuildFile; fileRef = FFD4CD142BEE9A5B0063DF63 /* DestinationDetailsViewModel.swift */; };
		FFD4CD172BEE9B620063DF63 /* DestinationDetails.swift in Sources */ = {isa = PBXBuildFile; fileRef = FFD4CD162BEE9B620063DF63 /* DestinationDetails.swift */; };
		FFD4CD192BEF80FD0063DF63 /* RestaurantTile.swift in Sources */ = {isa = PBXBuildFile; fileRef = FFD4CD182BEF80FD0063DF63 /* RestaurantTile.swift */; };
		FFD4CD1B2BEF969A0063DF63 /* RestaurantDetailsView.swift in Sources */ = {isa = PBXBuildFile; fileRef = FFD4CD1A2BEF969A0063DF63 /* RestaurantDetailsView.swift */; };
		FFD4CD1D2BEFC01D0063DF63 /* RestaurantDetailsViewModel.swift in Sources */ = {isa = PBXBuildFile; fileRef = FFD4CD1C2BEFC01D0063DF63 /* RestaurantDetailsViewModel.swift */; };
		FFD4CD1F2BEFC0E40063DF63 /* RestaurantDetails.swift in Sources */ = {isa = PBXBuildFile; fileRef = FFD4CD1E2BEFC0E40063DF63 /* RestaurantDetails.swift */; };
		FFD4CD212BEFC1310063DF63 /* Dish.swift in Sources */ = {isa = PBXBuildFile; fileRef = FFD4CD202BEFC1310063DF63 /* Dish.swift */; };
		FFD4CD232BEFC5CD0063DF63 /* DishCell.swift in Sources */ = {isa = PBXBuildFile; fileRef = FFD4CD222BEFC5CD0063DF63 /* DishCell.swift */; };
		FFD4CD252BF0FAC00063DF63 /* Review.swift in Sources */ = {isa = PBXBuildFile; fileRef = FFD4CD242BF0FAC00063DF63 /* Review.swift */; };
		FFD4CD272BF0FADF0063DF63 /* ReviewUser.swift in Sources */ = {isa = PBXBuildFile; fileRef = FFD4CD262BF0FADF0063DF63 /* ReviewUser.swift */; };
		FFD4CD2A2BF1CF460063DF63 /* LocationDescriptionView.swift in Sources */ = {isa = PBXBuildFile; fileRef = FFD4CD292BF1CF460063DF63 /* LocationDescriptionView.swift */; };
		FFD4CD2C2BF1CFE40063DF63 /* PopularDishesView.swift in Sources */ = {isa = PBXBuildFile; fileRef = FFD4CD2B2BF1CFE40063DF63 /* PopularDishesView.swift */; };
		FFD4CD2E2BF1D0950063DF63 /* CustomerReviewsVIew.swift in Sources */ = {isa = PBXBuildFile; fileRef = FFD4CD2D2BF1D0950063DF63 /* CustomerReviewsVIew.swift */; };
		FFD4CD302BF290540063DF63 /* RestaurantPhotosView.swift in Sources */ = {isa = PBXBuildFile; fileRef = FFD4CD2F2BF290540063DF63 /* RestaurantPhotosView.swift */; };
/* End PBXBuildFile section */

/* Begin PBXFileReference section */
		FF0E07A32BE660FC00071DC6 /* Restaurant.swift */ = {isa = PBXFileReference; lastKnownFileType = sourcecode.swift; path = Restaurant.swift; sourceTree = "<group>"; };
		FF0E07A52BE66DBC00071DC6 /* User.swift */ = {isa = PBXFileReference; lastKnownFileType = sourcecode.swift; path = User.swift; sourceTree = "<group>"; };
		FF0E07AC2BE7932300071DC6 /* TitleModifier.swift */ = {isa = PBXFileReference; lastKnownFileType = sourcecode.swift; path = TitleModifier.swift; sourceTree = "<group>"; };
		FF0E07AF2BE7955700071DC6 /* DiscoveryExtensions.swift */ = {isa = PBXFileReference; lastKnownFileType = sourcecode.swift; path = DiscoveryExtensions.swift; sourceTree = "<group>"; };
		FF0E07B12BE7BD7600071DC6 /* CategoryDetailView.swift */ = {isa = PBXFileReference; lastKnownFileType = sourcecode.swift; path = CategoryDetailView.swift; sourceTree = "<group>"; };
		FF0E07B42BE7CF9E00071DC6 /* CategoryDetailViewModel.swift */ = {isa = PBXFileReference; lastKnownFileType = sourcecode.swift; path = CategoryDetailViewModel.swift; sourceTree = "<group>"; };
		FF0E07B72BE7ECFC00071DC6 /* ActivityIndicatorView.swift */ = {isa = PBXFileReference; lastKnownFileType = sourcecode.swift; path = ActivityIndicatorView.swift; sourceTree = "<group>"; };
		FF0E07B92BE8B7A200071DC6 /* Place.swift */ = {isa = PBXFileReference; lastKnownFileType = sourcecode.swift; path = Place.swift; sourceTree = "<group>"; };
		FF0E07C42BEA925C00071DC6 /* NavigationLazyView.swift */ = {isa = PBXFileReference; lastKnownFileType = sourcecode.swift; path = NavigationLazyView.swift; sourceTree = "<group>"; };
		FF0E07C62BEAA02200071DC6 /* PopularDestinationTileView.swift */ = {isa = PBXFileReference; lastKnownFileType = sourcecode.swift; path = PopularDestinationTileView.swift; sourceTree = "<group>"; };
		FF0E07C82BEB7B3900071DC6 /* PopularDestinationDetailView.swift */ = {isa = PBXFileReference; lastKnownFileType = sourcecode.swift; path = PopularDestinationDetailView.swift; sourceTree = "<group>"; };
		FF0E07CD2BEBE08300071DC6 /* Indicator.swift */ = {isa = PBXFileReference; lastKnownFileType = sourcecode.swift; path = Indicator.swift; sourceTree = "<group>"; };
		FF0E07CF2BEBF97200071DC6 /* Info.plist */ = {isa = PBXFileReference; lastKnownFileType = text.plist; path = Info.plist; sourceTree = "<group>"; };
		FF666D982BE3E3F500EE15DA /* TravelDiscoverSwiftUI.app */ = {isa = PBXFileReference; explicitFileType = wrapper.application; includeInIndex = 0; path = TravelDiscoverSwiftUI.app; sourceTree = BUILT_PRODUCTS_DIR; };
		FF666D9B2BE3E3F500EE15DA /* TravelDiscoverSwiftUIApp.swift */ = {isa = PBXFileReference; lastKnownFileType = sourcecode.swift; path = TravelDiscoverSwiftUIApp.swift; sourceTree = "<group>"; };
		FF666D9D2BE3E3F500EE15DA /* ContentView.swift */ = {isa = PBXFileReference; lastKnownFileType = sourcecode.swift; path = ContentView.swift; sourceTree = "<group>"; };
		FF666D9F2BE3E3F700EE15DA /* Assets.xcassets */ = {isa = PBXFileReference; lastKnownFileType = folder.assetcatalog; path = Assets.xcassets; sourceTree = "<group>"; };
		FF666DA22BE3E3F700EE15DA /* Preview Assets.xcassets */ = {isa = PBXFileReference; lastKnownFileType = folder.assetcatalog; path = "Preview Assets.xcassets"; sourceTree = "<group>"; };
		FF666DA42BE3E3F700EE15DA /* Persistence.swift */ = {isa = PBXFileReference; lastKnownFileType = sourcecode.swift; path = Persistence.swift; sourceTree = "<group>"; };
		FF666DA72BE3E3F700EE15DA /* TravelDiscoverSwiftUI.xcdatamodel */ = {isa = PBXFileReference; lastKnownFileType = wrapper.xcdatamodel; path = TravelDiscoverSwiftUI.xcdatamodel; sourceTree = "<group>"; };
		FF666DAE2BE4960400EE15DA /* MainView.swift */ = {isa = PBXFileReference; lastKnownFileType = sourcecode.swift; path = MainView.swift; sourceTree = "<group>"; };
		FF666DB12BE49E7800EE15DA /* DiscoverCategoriesView.swift */ = {isa = PBXFileReference; lastKnownFileType = sourcecode.swift; path = DiscoverCategoriesView.swift; sourceTree = "<group>"; };
		FF666DB32BE4C0F800EE15DA /* PopularDestinationView.swift */ = {isa = PBXFileReference; lastKnownFileType = sourcecode.swift; path = PopularDestinationView.swift; sourceTree = "<group>"; };
		FF666DB52BE5201600EE15DA /* PopularRestaurantsView.swift */ = {isa = PBXFileReference; lastKnownFileType = sourcecode.swift; path = PopularRestaurantsView.swift; sourceTree = "<group>"; };
		FF666DB72BE52D0D00EE15DA /* TrendingCreatorsView.swift */ = {isa = PBXFileReference; lastKnownFileType = sourcecode.swift; path = TrendingCreatorsView.swift; sourceTree = "<group>"; };
		FF666DBA2BE532F700EE15DA /* Category.swift */ = {isa = PBXFileReference; lastKnownFileType = sourcecode.swift; path = Category.swift; sourceTree = "<group>"; };
		FF666DBC2BE5493400EE15DA /* Destination.swift */ = {isa = PBXFileReference; lastKnownFileType = sourcecode.swift; path = Destination.swift; sourceTree = "<group>"; };
		FFD4CD0B2BECC4FC0063DF63 /* Attraction.swift */ = {isa = PBXFileReference; lastKnownFileType = sourcecode.swift; path = Attraction.swift; sourceTree = "<group>"; };
		FFD4CD0D2BED1E540063DF63 /* CustomMapAnnotation.swift */ = {isa = PBXFileReference; lastKnownFileType = sourcecode.swift; path = CustomMapAnnotation.swift; sourceTree = "<group>"; };
		FFD4CD0F2BED3B380063DF63 /* DestinationHeaderContainer.swift */ = {isa = PBXFileReference; lastKnownFileType = sourcecode.swift; path = DestinationHeaderContainer.swift; sourceTree = "<group>"; };
		FFD4CD122BEDD40C0063DF63 /* CustomPageViewController.swift */ = {isa = PBXFileReference; lastKnownFileType = sourcecode.swift; path = CustomPageViewController.swift; sourceTree = "<group>"; };
		FFD4CD142BEE9A5B0063DF63 /* DestinationDetailsViewModel.swift */ = {isa = PBXFileReference; lastKnownFileType = sourcecode.swift; path = DestinationDetailsViewModel.swift; sourceTree = "<group>"; };
		FFD4CD162BEE9B620063DF63 /* DestinationDetails.swift */ = {isa = PBXFileReference; lastKnownFileType = sourcecode.swift; path = DestinationDetails.swift; sourceTree = "<group>"; };
		FFD4CD182BEF80FD0063DF63 /* RestaurantTile.swift */ = {isa = PBXFileReference; lastKnownFileType = sourcecode.swift; path = RestaurantTile.swift; sourceTree = "<group>"; };
		FFD4CD1A2BEF969A0063DF63 /* RestaurantDetailsView.swift */ = {isa = PBXFileReference; lastKnownFileType = sourcecode.swift; path = RestaurantDetailsView.swift; sourceTree = "<group>"; };
		FFD4CD1C2BEFC01D0063DF63 /* RestaurantDetailsViewModel.swift */ = {isa = PBXFileReference; lastKnownFileType = sourcecode.swift; path = RestaurantDetailsViewModel.swift; sourceTree = "<group>"; };
		FFD4CD1E2BEFC0E40063DF63 /* RestaurantDetails.swift */ = {isa = PBXFileReference; lastKnownFileType = sourcecode.swift; path = RestaurantDetails.swift; sourceTree = "<group>"; };
		FFD4CD202BEFC1310063DF63 /* Dish.swift */ = {isa = PBXFileReference; lastKnownFileType = sourcecode.swift; path = Dish.swift; sourceTree = "<group>"; };
		FFD4CD222BEFC5CD0063DF63 /* DishCell.swift */ = {isa = PBXFileReference; lastKnownFileType = sourcecode.swift; path = DishCell.swift; sourceTree = "<group>"; };
		FFD4CD242BF0FAC00063DF63 /* Review.swift */ = {isa = PBXFileReference; lastKnownFileType = sourcecode.swift; path = Review.swift; sourceTree = "<group>"; };
		FFD4CD262BF0FADF0063DF63 /* ReviewUser.swift */ = {isa = PBXFileReference; lastKnownFileType = sourcecode.swift; path = ReviewUser.swift; sourceTree = "<group>"; };
		FFD4CD292BF1CF460063DF63 /* LocationDescriptionView.swift */ = {isa = PBXFileReference; lastKnownFileType = sourcecode.swift; path = LocationDescriptionView.swift; sourceTree = "<group>"; };
		FFD4CD2B2BF1CFE40063DF63 /* PopularDishesView.swift */ = {isa = PBXFileReference; lastKnownFileType = sourcecode.swift; path = PopularDishesView.swift; sourceTree = "<group>"; };
		FFD4CD2D2BF1D0950063DF63 /* CustomerReviewsVIew.swift */ = {isa = PBXFileReference; lastKnownFileType = sourcecode.swift; path = CustomerReviewsVIew.swift; sourceTree = "<group>"; };
		FFD4CD2F2BF290540063DF63 /* RestaurantPhotosView.swift */ = {isa = PBXFileReference; lastKnownFileType = sourcecode.swift; path = RestaurantPhotosView.swift; sourceTree = "<group>"; };
/* End PBXFileReference section */

/* Begin PBXFrameworksBuildPhase section */
		FF666D952BE3E3F500EE15DA /* Frameworks */ = {
			isa = PBXFrameworksBuildPhase;
			buildActionMask = 2147483647;
			files = (
				FF0E07CC2BEBC58C00071DC6 /* SDWebImageSwiftUI in Frameworks */,
				FF0E07BD2BE957B800071DC6 /* Kingfisher in Frameworks */,
			);
			runOnlyForDeploymentPostprocessing = 0;
		};
/* End PBXFrameworksBuildPhase section */

/* Begin PBXGroup section */
		FF0E07A72BE78E0700071DC6 /* Discover */ = {
			isa = PBXGroup;
			children = (
				FF0E07C32BE9665F00071DC6 /* Category */,
				FF666DB12BE49E7800EE15DA /* DiscoverCategoriesView.swift */,
			);
			path = Discover;
			sourceTree = "<group>";
		};
		FF0E07A82BE78E4A00071DC6 /* PopularDestination */ = {
			isa = PBXGroup;
			children = (
				FF666DB32BE4C0F800EE15DA /* PopularDestinationView.swift */,
				FF0E07C62BEAA02200071DC6 /* PopularDestinationTileView.swift */,
				FF0E07C82BEB7B3900071DC6 /* PopularDestinationDetailView.swift */,
				FFD4CD0D2BED1E540063DF63 /* CustomMapAnnotation.swift */,
				FFD4CD0F2BED3B380063DF63 /* DestinationHeaderContainer.swift */,
				FFD4CD142BEE9A5B0063DF63 /* DestinationDetailsViewModel.swift */,
			);
			path = PopularDestination;
			sourceTree = "<group>";
		};
		FF0E07A92BE78E6000071DC6 /* PopularRestaurant */ = {
			isa = PBXGroup;
			children = (
				FFD4CD282BF154FB0063DF63 /* RestaurantDetail */,
				FF666DB52BE5201600EE15DA /* PopularRestaurantsView.swift */,
				FFD4CD182BEF80FD0063DF63 /* RestaurantTile.swift */,
			);
			path = PopularRestaurant;
			sourceTree = "<group>";
		};
		FF0E07AA2BE78E8F00071DC6 /* TrendingCreators */ = {
			isa = PBXGroup;
			children = (
				FF666DB72BE52D0D00EE15DA /* TrendingCreatorsView.swift */,
			);
			path = TrendingCreators;
			sourceTree = "<group>";
		};
		FF0E07AB2BE7930C00071DC6 /* Modifiers */ = {
			isa = PBXGroup;
			children = (
				FF0E07AC2BE7932300071DC6 /* TitleModifier.swift */,
			);
			path = Modifiers;
			sourceTree = "<group>";
		};
		FF0E07AE2BE7952900071DC6 /* Extensions */ = {
			isa = PBXGroup;
			children = (
				FF0E07AF2BE7955700071DC6 /* DiscoveryExtensions.swift */,
			);
			path = Extensions;
			sourceTree = "<group>";
		};
		FF0E07B32BE7CF3500071DC6 /* ViewModel */ = {
			isa = PBXGroup;
			children = (
				FF0E07B42BE7CF9E00071DC6 /* CategoryDetailViewModel.swift */,
			);
			path = ViewModel;
			sourceTree = "<group>";
		};
		FF0E07B62BE7ECC600071DC6 /* Utils */ = {
			isa = PBXGroup;
			children = (
				FF0E07B72BE7ECFC00071DC6 /* ActivityIndicatorView.swift */,
				FF0E07C42BEA925C00071DC6 /* NavigationLazyView.swift */,
				FF0E07CD2BEBE08300071DC6 /* Indicator.swift */,
				FFD4CD122BEDD40C0063DF63 /* CustomPageViewController.swift */,
			);
			path = Utils;
			sourceTree = "<group>";
		};
		FF0E07C32BE9665F00071DC6 /* Category */ = {
			isa = PBXGroup;
			children = (
				FF0E07B32BE7CF3500071DC6 /* ViewModel */,
				FF0E07B12BE7BD7600071DC6 /* CategoryDetailView.swift */,
			);
			path = Category;
			sourceTree = "<group>";
		};
		FF666D8F2BE3E3F500EE15DA = {
			isa = PBXGroup;
			children = (
				FF666D9A2BE3E3F500EE15DA /* TravelDiscoverSwiftUI */,
				FF666D992BE3E3F500EE15DA /* Products */,
			);
			sourceTree = "<group>";
		};
		FF666D992BE3E3F500EE15DA /* Products */ = {
			isa = PBXGroup;
			children = (
				FF666D982BE3E3F500EE15DA /* TravelDiscoverSwiftUI.app */,
			);
			name = Products;
			sourceTree = "<group>";
		};
		FF666D9A2BE3E3F500EE15DA /* TravelDiscoverSwiftUI */ = {
			isa = PBXGroup;
			children = (
				FF0E07CF2BEBF97200071DC6 /* Info.plist */,
				FF0E07B62BE7ECC600071DC6 /* Utils */,
				FF0E07AE2BE7952900071DC6 /* Extensions */,
				FF0E07AB2BE7930C00071DC6 /* Modifiers */,
				FF666DB92BE532E100EE15DA /* Models */,
				FF666DB02BE49E5800EE15DA /* Main */,
				FF666D9B2BE3E3F500EE15DA /* TravelDiscoverSwiftUIApp.swift */,
				FF666D9D2BE3E3F500EE15DA /* ContentView.swift */,
				FF666D9F2BE3E3F700EE15DA /* Assets.xcassets */,
				FF666DA42BE3E3F700EE15DA /* Persistence.swift */,
				FF666DA62BE3E3F700EE15DA /* TravelDiscoverSwiftUI.xcdatamodeld */,
				FF666DA12BE3E3F700EE15DA /* Preview Content */,
			);
			path = TravelDiscoverSwiftUI;
			sourceTree = "<group>";
		};
		FF666DA12BE3E3F700EE15DA /* Preview Content */ = {
			isa = PBXGroup;
			children = (
				FF666DA22BE3E3F700EE15DA /* Preview Assets.xcassets */,
			);
			path = "Preview Content";
			sourceTree = "<group>";
		};
		FF666DB02BE49E5800EE15DA /* Main */ = {
			isa = PBXGroup;
			children = (
				FFD4CD112BED571B0063DF63 /* Destination */,
				FF0E07AA2BE78E8F00071DC6 /* TrendingCreators */,
				FF0E07A92BE78E6000071DC6 /* PopularRestaurant */,
				FF0E07A72BE78E0700071DC6 /* Discover */,
				FF666DAE2BE4960400EE15DA /* MainView.swift */,
			);
			path = Main;
			sourceTree = "<group>";
		};
		FF666DB92BE532E100EE15DA /* Models */ = {
			isa = PBXGroup;
			children = (
				FF666DBA2BE532F700EE15DA /* Category.swift */,
				FF666DBC2BE5493400EE15DA /* Destination.swift */,
				FF0E07A32BE660FC00071DC6 /* Restaurant.swift */,
				FF0E07A52BE66DBC00071DC6 /* User.swift */,
				FF0E07B92BE8B7A200071DC6 /* Place.swift */,
				FFD4CD0B2BECC4FC0063DF63 /* Attraction.swift */,
				FFD4CD162BEE9B620063DF63 /* DestinationDetails.swift */,
				FFD4CD1E2BEFC0E40063DF63 /* RestaurantDetails.swift */,
				FFD4CD202BEFC1310063DF63 /* Dish.swift */,
				FFD4CD242BF0FAC00063DF63 /* Review.swift */,
				FFD4CD262BF0FADF0063DF63 /* ReviewUser.swift */,
			);
			path = Models;
			sourceTree = "<group>";
		};
		FFD4CD112BED571B0063DF63 /* Destination */ = {
			isa = PBXGroup;
			children = (
				FF0E07A82BE78E4A00071DC6 /* PopularDestination */,
			);
			path = Destination;
			sourceTree = "<group>";
		};
		FFD4CD282BF154FB0063DF63 /* RestaurantDetail */ = {
			isa = PBXGroup;
			children = (
				FFD4CD222BEFC5CD0063DF63 /* DishCell.swift */,
				FFD4CD1C2BEFC01D0063DF63 /* RestaurantDetailsViewModel.swift */,
				FFD4CD1A2BEF969A0063DF63 /* RestaurantDetailsView.swift */,
				FFD4CD292BF1CF460063DF63 /* LocationDescriptionView.swift */,
				FFD4CD2B2BF1CFE40063DF63 /* PopularDishesView.swift */,
				FFD4CD2D2BF1D0950063DF63 /* CustomerReviewsVIew.swift */,
				FFD4CD2F2BF290540063DF63 /* RestaurantPhotosView.swift */,
			);
			path = RestaurantDetail;
			sourceTree = "<group>";
		};
/* End PBXGroup section */

/* Begin PBXNativeTarget section */
		FF666D972BE3E3F500EE15DA /* TravelDiscoverSwiftUI */ = {
			isa = PBXNativeTarget;
			buildConfigurationList = FF666DAB2BE3E3F700EE15DA /* Build configuration list for PBXNativeTarget "TravelDiscoverSwiftUI" */;
			buildPhases = (
				FF666D942BE3E3F500EE15DA /* Sources */,
				FF666D952BE3E3F500EE15DA /* Frameworks */,
				FF666D962BE3E3F500EE15DA /* Resources */,
			);
			buildRules = (
			);
			dependencies = (
			);
			name = TravelDiscoverSwiftUI;
			packageProductDependencies = (
				FF0E07BC2BE957B800071DC6 /* Kingfisher */,
				FF0E07CB2BEBC58C00071DC6 /* SDWebImageSwiftUI */,
			);
			productName = TravelDiscoverSwiftUI;
			productReference = FF666D982BE3E3F500EE15DA /* TravelDiscoverSwiftUI.app */;
			productType = "com.apple.product-type.application";
		};
/* End PBXNativeTarget section */

/* Begin PBXProject section */
		FF666D902BE3E3F500EE15DA /* Project object */ = {
			isa = PBXProject;
			attributes = {
				BuildIndependentTargetsInParallel = 1;
				LastSwiftUpdateCheck = 1520;
				LastUpgradeCheck = 1520;
				TargetAttributes = {
					FF666D972BE3E3F500EE15DA = {
						CreatedOnToolsVersion = 15.2;
					};
				};
			};
			buildConfigurationList = FF666D932BE3E3F500EE15DA /* Build configuration list for PBXProject "TravelDiscoverSwiftUI" */;
			compatibilityVersion = "Xcode 14.0";
			developmentRegion = en;
			hasScannedForEncodings = 0;
			knownRegions = (
				en,
				Base,
			);
			mainGroup = FF666D8F2BE3E3F500EE15DA;
			packageReferences = (
				FF0E07BB2BE957B800071DC6 /* XCRemoteSwiftPackageReference "Kingfisher" */,
				FF0E07BE2BE9639600071DC6 /* XCRemoteSwiftPackageReference "SDWebImage" */,
				FF0E07CA2BEBC58C00071DC6 /* XCRemoteSwiftPackageReference "SDWebImageSwiftUI" */,
			);
			productRefGroup = FF666D992BE3E3F500EE15DA /* Products */;
			projectDirPath = "";
			projectRoot = "";
			targets = (
				FF666D972BE3E3F500EE15DA /* TravelDiscoverSwiftUI */,
			);
		};
/* End PBXProject section */

/* Begin PBXResourcesBuildPhase section */
		FF666D962BE3E3F500EE15DA /* Resources */ = {
			isa = PBXResourcesBuildPhase;
			buildActionMask = 2147483647;
			files = (
				FF666DA32BE3E3F700EE15DA /* Preview Assets.xcassets in Resources */,
				FF666DA02BE3E3F700EE15DA /* Assets.xcassets in Resources */,
			);
			runOnlyForDeploymentPostprocessing = 0;
		};
/* End PBXResourcesBuildPhase section */

/* Begin PBXSourcesBuildPhase section */
		FF666D942BE3E3F500EE15DA /* Sources */ = {
			isa = PBXSourcesBuildPhase;
			buildActionMask = 2147483647;
			files = (
				FF0E07A62BE66DBC00071DC6 /* User.swift in Sources */,
				FFD4CD212BEFC1310063DF63 /* Dish.swift in Sources */,
				FF0E07AD2BE7932300071DC6 /* TitleModifier.swift in Sources */,
				FFD4CD172BEE9B620063DF63 /* DestinationDetails.swift in Sources */,
				FFD4CD302BF290540063DF63 /* RestaurantPhotosView.swift in Sources */,
				FFD4CD102BED3B380063DF63 /* DestinationHeaderContainer.swift in Sources */,
				FF666DA52BE3E3F700EE15DA /* Persistence.swift in Sources */,
				FFD4CD0E2BED1E540063DF63 /* CustomMapAnnotation.swift in Sources */,
				FF666DBB2BE532F700EE15DA /* Category.swift in Sources */,
				FFD4CD0C2BECC4FC0063DF63 /* Attraction.swift in Sources */,
				FF0E07B02BE7955700071DC6 /* DiscoveryExtensions.swift in Sources */,
				FF666DB62BE5201600EE15DA /* PopularRestaurantsView.swift in Sources */,
				FF0E07B52BE7CF9E00071DC6 /* CategoryDetailViewModel.swift in Sources */,
				FFD4CD232BEFC5CD0063DF63 /* DishCell.swift in Sources */,
				FF666D9E2BE3E3F500EE15DA /* ContentView.swift in Sources */,
				FFD4CD2E2BF1D0950063DF63 /* CustomerReviewsVIew.swift in Sources */,
				FFD4CD1D2BEFC01D0063DF63 /* RestaurantDetailsViewModel.swift in Sources */,
				FF666DA82BE3E3F700EE15DA /* TravelDiscoverSwiftUI.xcdatamodeld in Sources */,
				FF666DAF2BE4960400EE15DA /* MainView.swift in Sources */,
				FF0E07BA2BE8B7A200071DC6 /* Place.swift in Sources */,
				FF666D9C2BE3E3F500EE15DA /* TravelDiscoverSwiftUIApp.swift in Sources */,
				FFD4CD192BEF80FD0063DF63 /* RestaurantTile.swift in Sources */,
				FF0E07C92BEB7B3900071DC6 /* PopularDestinationDetailView.swift in Sources */,
				FFD4CD1B2BEF969A0063DF63 /* RestaurantDetailsView.swift in Sources */,
				FFD4CD152BEE9A5B0063DF63 /* DestinationDetailsViewModel.swift in Sources */,
				FF0E07C72BEAA02200071DC6 /* PopularDestinationTileView.swift in Sources */,
				FF0E07CE2BEBE08300071DC6 /* Indicator.swift in Sources */,
				FF666DB22BE49E7800EE15DA /* DiscoverCategoriesView.swift in Sources */,
				FF0E07A42BE660FC00071DC6 /* Restaurant.swift in Sources */,
				FF666DB42BE4C0F800EE15DA /* PopularDestinationView.swift in Sources */,
				FFD4CD1F2BEFC0E40063DF63 /* RestaurantDetails.swift in Sources */,
				FFD4CD252BF0FAC00063DF63 /* Review.swift in Sources */,
				FF666DB82BE52D0D00EE15DA /* TrendingCreatorsView.swift in Sources */,
				FFD4CD2A2BF1CF460063DF63 /* LocationDescriptionView.swift in Sources */,
				FF0E07B82BE7ECFC00071DC6 /* ActivityIndicatorView.swift in Sources */,
				FFD4CD2C2BF1CFE40063DF63 /* PopularDishesView.swift in Sources */,
				FF666DBD2BE5493400EE15DA /* Destination.swift in Sources */,
				FF0E07C52BEA925C00071DC6 /* NavigationLazyView.swift in Sources */,
				FF0E07B22BE7BD7600071DC6 /* CategoryDetailView.swift in Sources */,
				FFD4CD272BF0FADF0063DF63 /* ReviewUser.swift in Sources */,
				FFD4CD132BEDD40C0063DF63 /* CustomPageViewController.swift in Sources */,
			);
			runOnlyForDeploymentPostprocessing = 0;
		};
/* End PBXSourcesBuildPhase section */

/* Begin XCBuildConfiguration section */
		FF666DA92BE3E3F700EE15DA /* Debug */ = {
			isa = XCBuildConfiguration;
			buildSettings = {
				ALWAYS_SEARCH_USER_PATHS = NO;
				ASSETCATALOG_COMPILER_GENERATE_SWIFT_ASSET_SYMBOL_EXTENSIONS = YES;
				CLANG_ANALYZER_NONNULL = YES;
				CLANG_ANALYZER_NUMBER_OBJECT_CONVERSION = YES_AGGRESSIVE;
				CLANG_CXX_LANGUAGE_STANDARD = "gnu++20";
				CLANG_ENABLE_MODULES = YES;
				CLANG_ENABLE_OBJC_ARC = YES;
				CLANG_ENABLE_OBJC_WEAK = YES;
				CLANG_WARN_BLOCK_CAPTURE_AUTORELEASING = YES;
				CLANG_WARN_BOOL_CONVERSION = YES;
				CLANG_WARN_COMMA = YES;
				CLANG_WARN_CONSTANT_CONVERSION = YES;
				CLANG_WARN_DEPRECATED_OBJC_IMPLEMENTATIONS = YES;
				CLANG_WARN_DIRECT_OBJC_ISA_USAGE = YES_ERROR;
				CLANG_WARN_DOCUMENTATION_COMMENTS = YES;
				CLANG_WARN_EMPTY_BODY = YES;
				CLANG_WARN_ENUM_CONVERSION = YES;
				CLANG_WARN_INFINITE_RECURSION = YES;
				CLANG_WARN_INT_CONVERSION = YES;
				CLANG_WARN_NON_LITERAL_NULL_CONVERSION = YES;
				CLANG_WARN_OBJC_IMPLICIT_RETAIN_SELF = YES;
				CLANG_WARN_OBJC_LITERAL_CONVERSION = YES;
				CLANG_WARN_OBJC_ROOT_CLASS = YES_ERROR;
				CLANG_WARN_QUOTED_INCLUDE_IN_FRAMEWORK_HEADER = YES;
				CLANG_WARN_RANGE_LOOP_ANALYSIS = YES;
				CLANG_WARN_STRICT_PROTOTYPES = YES;
				CLANG_WARN_SUSPICIOUS_MOVE = YES;
				CLANG_WARN_UNGUARDED_AVAILABILITY = YES_AGGRESSIVE;
				CLANG_WARN_UNREACHABLE_CODE = YES;
				CLANG_WARN__DUPLICATE_METHOD_MATCH = YES;
				COPY_PHASE_STRIP = NO;
				DEBUG_INFORMATION_FORMAT = dwarf;
				ENABLE_STRICT_OBJC_MSGSEND = YES;
				ENABLE_TESTABILITY = YES;
				ENABLE_USER_SCRIPT_SANDBOXING = YES;
				GCC_C_LANGUAGE_STANDARD = gnu17;
				GCC_DYNAMIC_NO_PIC = NO;
				GCC_NO_COMMON_BLOCKS = YES;
				GCC_OPTIMIZATION_LEVEL = 0;
				GCC_PREPROCESSOR_DEFINITIONS = (
					"DEBUG=1",
					"$(inherited)",
				);
				GCC_WARN_64_TO_32_BIT_CONVERSION = YES;
				GCC_WARN_ABOUT_RETURN_TYPE = YES_ERROR;
				GCC_WARN_UNDECLARED_SELECTOR = YES;
				GCC_WARN_UNINITIALIZED_AUTOS = YES_AGGRESSIVE;
				GCC_WARN_UNUSED_FUNCTION = YES;
				GCC_WARN_UNUSED_VARIABLE = YES;
				IPHONEOS_DEPLOYMENT_TARGET = 17.2;
				LOCALIZATION_PREFERS_STRING_CATALOGS = YES;
				MTL_ENABLE_DEBUG_INFO = INCLUDE_SOURCE;
				MTL_FAST_MATH = YES;
				ONLY_ACTIVE_ARCH = YES;
				SDKROOT = iphoneos;
				SWIFT_ACTIVE_COMPILATION_CONDITIONS = "DEBUG $(inherited)";
				SWIFT_OPTIMIZATION_LEVEL = "-Onone";
			};
			name = Debug;
		};
		FF666DAA2BE3E3F700EE15DA /* Release */ = {
			isa = XCBuildConfiguration;
			buildSettings = {
				ALWAYS_SEARCH_USER_PATHS = NO;
				ASSETCATALOG_COMPILER_GENERATE_SWIFT_ASSET_SYMBOL_EXTENSIONS = YES;
				CLANG_ANALYZER_NONNULL = YES;
				CLANG_ANALYZER_NUMBER_OBJECT_CONVERSION = YES_AGGRESSIVE;
				CLANG_CXX_LANGUAGE_STANDARD = "gnu++20";
				CLANG_ENABLE_MODULES = YES;
				CLANG_ENABLE_OBJC_ARC = YES;
				CLANG_ENABLE_OBJC_WEAK = YES;
				CLANG_WARN_BLOCK_CAPTURE_AUTORELEASING = YES;
				CLANG_WARN_BOOL_CONVERSION = YES;
				CLANG_WARN_COMMA = YES;
				CLANG_WARN_CONSTANT_CONVERSION = YES;
				CLANG_WARN_DEPRECATED_OBJC_IMPLEMENTATIONS = YES;
				CLANG_WARN_DIRECT_OBJC_ISA_USAGE = YES_ERROR;
				CLANG_WARN_DOCUMENTATION_COMMENTS = YES;
				CLANG_WARN_EMPTY_BODY = YES;
				CLANG_WARN_ENUM_CONVERSION = YES;
				CLANG_WARN_INFINITE_RECURSION = YES;
				CLANG_WARN_INT_CONVERSION = YES;
				CLANG_WARN_NON_LITERAL_NULL_CONVERSION = YES;
				CLANG_WARN_OBJC_IMPLICIT_RETAIN_SELF = YES;
				CLANG_WARN_OBJC_LITERAL_CONVERSION = YES;
				CLANG_WARN_OBJC_ROOT_CLASS = YES_ERROR;
				CLANG_WARN_QUOTED_INCLUDE_IN_FRAMEWORK_HEADER = YES;
				CLANG_WARN_RANGE_LOOP_ANALYSIS = YES;
				CLANG_WARN_STRICT_PROTOTYPES = YES;
				CLANG_WARN_SUSPICIOUS_MOVE = YES;
				CLANG_WARN_UNGUARDED_AVAILABILITY = YES_AGGRESSIVE;
				CLANG_WARN_UNREACHABLE_CODE = YES;
				CLANG_WARN__DUPLICATE_METHOD_MATCH = YES;
				COPY_PHASE_STRIP = NO;
				DEBUG_INFORMATION_FORMAT = "dwarf-with-dsym";
				ENABLE_NS_ASSERTIONS = NO;
				ENABLE_STRICT_OBJC_MSGSEND = YES;
				ENABLE_USER_SCRIPT_SANDBOXING = YES;
				GCC_C_LANGUAGE_STANDARD = gnu17;
				GCC_NO_COMMON_BLOCKS = YES;
				GCC_WARN_64_TO_32_BIT_CONVERSION = YES;
				GCC_WARN_ABOUT_RETURN_TYPE = YES_ERROR;
				GCC_WARN_UNDECLARED_SELECTOR = YES;
				GCC_WARN_UNINITIALIZED_AUTOS = YES_AGGRESSIVE;
				GCC_WARN_UNUSED_FUNCTION = YES;
				GCC_WARN_UNUSED_VARIABLE = YES;
				IPHONEOS_DEPLOYMENT_TARGET = 17.2;
				LOCALIZATION_PREFERS_STRING_CATALOGS = YES;
				MTL_ENABLE_DEBUG_INFO = NO;
				MTL_FAST_MATH = YES;
				SDKROOT = iphoneos;
				SWIFT_COMPILATION_MODE = wholemodule;
				VALIDATE_PRODUCT = YES;
			};
			name = Release;
		};
		FF666DAC2BE3E3F700EE15DA /* Debug */ = {
			isa = XCBuildConfiguration;
			buildSettings = {
				ASSETCATALOG_COMPILER_APPICON_NAME = AppIcon;
				ASSETCATALOG_COMPILER_GLOBAL_ACCENT_COLOR_NAME = AccentColor;
				CODE_SIGN_STYLE = Automatic;
				CURRENT_PROJECT_VERSION = 1;
				DEVELOPMENT_ASSET_PATHS = "\"TravelDiscoverSwiftUI/Preview Content\"";
				DEVELOPMENT_TEAM = VYT9YM6M52;
				ENABLE_PREVIEWS = YES;
				GENERATE_INFOPLIST_FILE = YES;
				INFOPLIST_FILE = TravelDiscoverSwiftUI/Info.plist;
				INFOPLIST_KEY_UIApplicationSceneManifest_Generation = YES;
				INFOPLIST_KEY_UIApplicationSupportsIndirectInputEvents = YES;
				INFOPLIST_KEY_UILaunchScreen_Generation = YES;
				INFOPLIST_KEY_UISupportedInterfaceOrientations_iPad = "UIInterfaceOrientationPortrait UIInterfaceOrientationPortraitUpsideDown UIInterfaceOrientationLandscapeLeft UIInterfaceOrientationLandscapeRight";
				INFOPLIST_KEY_UISupportedInterfaceOrientations_iPhone = "UIInterfaceOrientationPortrait UIInterfaceOrientationLandscapeLeft UIInterfaceOrientationLandscapeRight";
				LD_RUNPATH_SEARCH_PATHS = (
					"$(inherited)",
					"@executable_path/Frameworks",
				);
				MARKETING_VERSION = 1.0;
				PRODUCT_BUNDLE_IDENTIFIER = onlineapteka.TravelDiscoverSwiftUI;
				PRODUCT_NAME = "$(TARGET_NAME)";
				SWIFT_EMIT_LOC_STRINGS = YES;
				SWIFT_VERSION = 5.0;
				TARGETED_DEVICE_FAMILY = "1,2";
			};
			name = Debug;
		};
		FF666DAD2BE3E3F700EE15DA /* Release */ = {
			isa = XCBuildConfiguration;
			buildSettings = {
				ASSETCATALOG_COMPILER_APPICON_NAME = AppIcon;
				ASSETCATALOG_COMPILER_GLOBAL_ACCENT_COLOR_NAME = AccentColor;
				CODE_SIGN_STYLE = Automatic;
				CURRENT_PROJECT_VERSION = 1;
				DEVELOPMENT_ASSET_PATHS = "\"TravelDiscoverSwiftUI/Preview Content\"";
				DEVELOPMENT_TEAM = VYT9YM6M52;
				ENABLE_PREVIEWS = YES;
				GENERATE_INFOPLIST_FILE = YES;
				INFOPLIST_FILE = TravelDiscoverSwiftUI/Info.plist;
				INFOPLIST_KEY_UIApplicationSceneManifest_Generation = YES;
				INFOPLIST_KEY_UIApplicationSupportsIndirectInputEvents = YES;
				INFOPLIST_KEY_UILaunchScreen_Generation = YES;
				INFOPLIST_KEY_UISupportedInterfaceOrientations_iPad = "UIInterfaceOrientationPortrait UIInterfaceOrientationPortraitUpsideDown UIInterfaceOrientationLandscapeLeft UIInterfaceOrientationLandscapeRight";
				INFOPLIST_KEY_UISupportedInterfaceOrientations_iPhone = "UIInterfaceOrientationPortrait UIInterfaceOrientationLandscapeLeft UIInterfaceOrientationLandscapeRight";
				LD_RUNPATH_SEARCH_PATHS = (
					"$(inherited)",
					"@executable_path/Frameworks",
				);
				MARKETING_VERSION = 1.0;
				PRODUCT_BUNDLE_IDENTIFIER = onlineapteka.TravelDiscoverSwiftUI;
				PRODUCT_NAME = "$(TARGET_NAME)";
				SWIFT_EMIT_LOC_STRINGS = YES;
				SWIFT_VERSION = 5.0;
				TARGETED_DEVICE_FAMILY = "1,2";
			};
			name = Release;
		};
/* End XCBuildConfiguration section */

/* Begin XCConfigurationList section */
		FF666D932BE3E3F500EE15DA /* Build configuration list for PBXProject "TravelDiscoverSwiftUI" */ = {
			isa = XCConfigurationList;
			buildConfigurations = (
				FF666DA92BE3E3F700EE15DA /* Debug */,
				FF666DAA2BE3E3F700EE15DA /* Release */,
			);
			defaultConfigurationIsVisible = 0;
			defaultConfigurationName = Release;
		};
		FF666DAB2BE3E3F700EE15DA /* Build configuration list for PBXNativeTarget "TravelDiscoverSwiftUI" */ = {
			isa = XCConfigurationList;
			buildConfigurations = (
				FF666DAC2BE3E3F700EE15DA /* Debug */,
				FF666DAD2BE3E3F700EE15DA /* Release */,
			);
			defaultConfigurationIsVisible = 0;
			defaultConfigurationName = Release;
		};
/* End XCConfigurationList section */

/* Begin XCRemoteSwiftPackageReference section */
		FF0E07BB2BE957B800071DC6 /* XCRemoteSwiftPackageReference "Kingfisher" */ = {
			isa = XCRemoteSwiftPackageReference;
			repositoryURL = "https://github.com/onevcat/Kingfisher";
			requirement = {
				kind = upToNextMajorVersion;
				minimumVersion = 7.11.0;
			};
		};
		FF0E07BE2BE9639600071DC6 /* XCRemoteSwiftPackageReference "SDWebImage" */ = {
			isa = XCRemoteSwiftPackageReference;
			repositoryURL = "https://github.com/SDWebImage/SDWebImage";
			requirement = {
				kind = upToNextMajorVersion;
				minimumVersion = 5.19.1;
			};
		};
		FF0E07CA2BEBC58C00071DC6 /* XCRemoteSwiftPackageReference "SDWebImageSwiftUI" */ = {
			isa = XCRemoteSwiftPackageReference;
			repositoryURL = "https://github.com/SDWebImage/SDWebImageSwiftUI";
			requirement = {
				kind = upToNextMajorVersion;
				minimumVersion = 3.0.4;
			};
		};
/* End XCRemoteSwiftPackageReference section */

/* Begin XCSwiftPackageProductDependency section */
		FF0E07BC2BE957B800071DC6 /* Kingfisher */ = {
			isa = XCSwiftPackageProductDependency;
			package = FF0E07BB2BE957B800071DC6 /* XCRemoteSwiftPackageReference "Kingfisher" */;
			productName = Kingfisher;
		};
		FF0E07CB2BEBC58C00071DC6 /* SDWebImageSwiftUI */ = {
			isa = XCSwiftPackageProductDependency;
			package = FF0E07CA2BEBC58C00071DC6 /* XCRemoteSwiftPackageReference "SDWebImageSwiftUI" */;
			productName = SDWebImageSwiftUI;
		};
/* End XCSwiftPackageProductDependency section */

/* Begin XCVersionGroup section */
		FF666DA62BE3E3F700EE15DA /* TravelDiscoverSwiftUI.xcdatamodeld */ = {
			isa = XCVersionGroup;
			children = (
				FF666DA72BE3E3F700EE15DA /* TravelDiscoverSwiftUI.xcdatamodel */,
			);
			currentVersion = FF666DA72BE3E3F700EE15DA /* TravelDiscoverSwiftUI.xcdatamodel */;
			path = TravelDiscoverSwiftUI.xcdatamodeld;
			sourceTree = "<group>";
			versionGroupType = wrapper.xcdatamodel;
		};
/* End XCVersionGroup section */
	};
	rootObject = FF666D902BE3E3F500EE15DA /* Project object */;
}
